
Microsoft Visual Studio Solution File, Format Version 12.00
Project("{FAE04EC0-301F-11D3-BF4B-00C04F79EFBC}") = "MyCOLL", "MyCOLL\MyCOLL.csproj", "{095BB523-7907-42D9-9DBB-4FD76D0B37B6}"
EndProject
Project("{FAE04EC0-301F-11D3-BF4B-00C04F79EFBC}") = "MyCOLL.Shared", "MyCOLL.Shared\MyCOLL.Shared.csproj", "{9A3939DF-5A1F-4166-9874-5AD476BC4B03}"
EndProject
Project("{FAE04EC0-301F-11D3-BF4B-00C04F79EFBC}") = "MyCOLL.App", "MyCOLL.App\MyCOLL.App.csproj", "{5CEEACD7-94CD-4D96-828B-CF6A1A1078AA}"
EndProject
Project("{FAE04EC0-301F-11D3-BF4B-00C04F79EFBC}") = "MyCOLL.Admin", "MyCOLL.Admin\MyCOLL.Admin.csproj", "{4E6319A0-3477-47CE-A625-82C536F327A6}"
EndProject
Project("{FAE04EC0-301F-11D3-BF4B-00C04F79EFBC}") = "MyCOLL.Data", "MyCOLL.Data\MyCOLL.Data.csproj", "{0C6AC980-7AAE-48DE-A289-C5039D6D5CAC}"
EndProject
Global
	GlobalSection(SolutionConfigurationPlatforms) = preSolution
		Debug|Any CPU = Debug|Any CPU
		Release|Any CPU = Release|Any CPU
	EndGlobalSection
	GlobalSection(ProjectConfigurationPlatforms) = postSolution
		{095BB523-7907-42D9-9DBB-4FD76D0B37B6}.Debug|Any CPU.ActiveCfg = Debug|Any CPU
		{095BB523-7907-42D9-9DBB-4FD76D0B37B6}.Debug|Any CPU.Build.0 = Debug|Any CPU
		{095BB523-7907-42D9-9DBB-4FD76D0B37B6}.Release|Any CPU.ActiveCfg = Release|Any CPU
		{095BB523-7907-42D9-9DBB-4FD76D0B37B6}.Release|Any CPU.Build.0 = Release|Any CPU
		{9A3939DF-5A1F-4166-9874-5AD476BC4B03}.Debug|Any CPU.ActiveCfg = Debug|Any CPU
		{9A3939DF-5A1F-4166-9874-5AD476BC4B03}.Debug|Any CPU.Build.0 = Debug|Any CPU
		{9A3939DF-5A1F-4166-9874-5AD476BC4B03}.Release|Any CPU.ActiveCfg = Release|Any CPU
		{9A3939DF-5A1F-4166-9874-5AD476BC4B03}.Release|Any CPU.Build.0 = Release|Any CPU
		{5CEEACD7-94CD-4D96-828B-CF6A1A1078AA}.Debug|Any CPU.ActiveCfg = Debug|Any CPU
		{5CEEACD7-94CD-4D96-828B-CF6A1A1078AA}.Debug|Any CPU.Build.0 = Debug|Any CPU
		{5CEEACD7-94CD-4D96-828B-CF6A1A1078AA}.Release|Any CPU.ActiveCfg = Release|Any CPU
		{5CEEACD7-94CD-4D96-828B-CF6A1A1078AA}.Release|Any CPU.Build.0 = Release|Any CPU
		{4E6319A0-3477-47CE-A625-82C536F327A6}.Debug|Any CPU.ActiveCfg = Debug|Any CPU
		{4E6319A0-3477-47CE-A625-82C536F327A6}.Debug|Any CPU.Build.0 = Debug|Any CPU
		{4E6319A0-3477-47CE-A625-82C536F327A6}.Release|Any CPU.ActiveCfg = Release|Any CPU
		{4E6319A0-3477-47CE-A625-82C536F327A6}.Release|Any CPU.Build.0 = Release|Any CPU
		{0C6AC980-7AAE-48DE-A289-C5039D6D5CAC}.Debug|Any CPU.ActiveCfg = Debug|Any CPU
		{0C6AC980-7AAE-48DE-A289-C5039D6D5CAC}.Debug|Any CPU.Build.0 = Debug|Any CPU
		{0C6AC980-7AAE-48DE-A289-C5039D6D5CAC}.Release|Any CPU.ActiveCfg = Release|Any CPU
		{0C6AC980-7AAE-48DE-A289-C5039D6D5CAC}.Release|Any CPU.Build.0 = Release|Any CPU
	EndGlobalSection
EndGlobal
